// !$*UTF8*$!
{
	archiveVersion = 1;
	classes = {
	};
	objectVersion = 55;
	objects = {

/* Begin PBXBuildFile section */
		0A135F3C28F6EA5D00B9942A /* Constants.swift in Sources */ = {isa = PBXBuildFile; fileRef = 0A135F3B28F6EA5D00B9942A /* Constants.swift */; };
		0A135F3E28F703BA00B9942A /* Syllable.swift in Sources */ = {isa = PBXBuildFile; fileRef = 0A135F3D28F703BA00B9942A /* Syllable.swift */; };
		0A135F4228F70BF300B9942A /* en.lproj in Resources */ = {isa = PBXBuildFile; fileRef = 0A135F4128F70BF300B9942A /* en.lproj */; };
		0A58A04628F19AF40092A616 /* InputControllerTest.swift in Sources */ = {isa = PBXBuildFile; fileRef = 0A58A04528F19AF40092A616 /* InputControllerTest.swift */; };
		0A72214B28ECD6B1004D153F /* icon.pdf in Resources */ = {isa = PBXBuildFile; fileRef = 0A72214A28ECD6B1004D153F /* icon.pdf */; };
		0A89877C2900423F00B26621 /* Debug.swift in Sources */ = {isa = PBXBuildFile; fileRef = 0A89877B2900423F00B26621 /* Debug.swift */; };
		0A99B8AC28FF9A38005E27A2 /* Jamo.swift in Sources */ = {isa = PBXBuildFile; fileRef = 0A99B8AB28FF9A38005E27A2 /* Jamo.swift */; };
		0A99B8AE28FF9BE5005E27A2 /* Jaso.swift in Sources */ = {isa = PBXBuildFile; fileRef = 0A99B8AD28FF9BE5005E27A2 /* Jaso.swift */; };
		1A41E61C26E745DD009B65D7 /* Assets.xcassets in Resources */ = {isa = PBXBuildFile; fileRef = 1A41E61B26E745DD009B65D7 /* Assets.xcassets */; };
		1A41E64226E74627009B65D7 /* AppDelegate.swift in Sources */ = {isa = PBXBuildFile; fileRef = 1A41E64126E74627009B65D7 /* AppDelegate.swift */; };
		1A41E64426E74669009B65D7 /* InputController.swift in Sources */ = {isa = PBXBuildFile; fileRef = 1A41E64326E74669009B65D7 /* InputController.swift */; };
/* End PBXBuildFile section */

/* Begin PBXContainerItemProxy section */
		0A58A03E28F196B60092A616 /* PBXContainerItemProxy */ = {
			isa = PBXContainerItemProxy;
			containerPortal = 1A41E60C26E745D9009B65D7 /* Project object */;
			proxyType = 1;
			remoteGlobalIDString = 1A41E61326E745D9009B65D7;
			remoteInfo = Hangeul;
		};
/* End PBXContainerItemProxy section */

/* Begin PBXFileReference section */
		0A135F3B28F6EA5D00B9942A /* Constants.swift */ = {isa = PBXFileReference; lastKnownFileType = sourcecode.swift; path = Constants.swift; sourceTree = "<group>"; };
		0A135F3D28F703BA00B9942A /* Syllable.swift */ = {isa = PBXFileReference; lastKnownFileType = sourcecode.swift; path = Syllable.swift; sourceTree = "<group>"; };
		0A135F4128F70BF300B9942A /* en.lproj */ = {isa = PBXFileReference; lastKnownFileType = folder; path = en.lproj; sourceTree = "<group>"; };
		0A2DBA4828ECD75900DDAF23 /* icon.fig */ = {isa = PBXFileReference; lastKnownFileType = file; path = icon.fig; sourceTree = "<group>"; };
		0A58A03A28F196B60092A616 /* InputControllerTests.xctest */ = {isa = PBXFileReference; explicitFileType = wrapper.cfbundle; includeInIndex = 0; path = InputControllerTests.xctest; sourceTree = BUILT_PRODUCTS_DIR; };
		0A58A04528F19AF40092A616 /* InputControllerTest.swift */ = {isa = PBXFileReference; lastKnownFileType = sourcecode.swift; path = InputControllerTest.swift; sourceTree = "<group>"; };
		0A72214A28ECD6B1004D153F /* icon.pdf */ = {isa = PBXFileReference; lastKnownFileType = image.pdf; path = icon.pdf; sourceTree = "<group>"; };
		0A89877B2900423F00B26621 /* Debug.swift */ = {isa = PBXFileReference; lastKnownFileType = sourcecode.swift; path = Debug.swift; sourceTree = "<group>"; };
		0A99B8AB28FF9A38005E27A2 /* Jamo.swift */ = {isa = PBXFileReference; lastKnownFileType = sourcecode.swift; path = Jamo.swift; sourceTree = "<group>"; };
		0A99B8AD28FF9BE5005E27A2 /* Jaso.swift */ = {isa = PBXFileReference; lastKnownFileType = sourcecode.swift; path = Jaso.swift; sourceTree = "<group>"; };
		1A41E61426E745D9009B65D7 /* Hangeul.app */ = {isa = PBXFileReference; explicitFileType = wrapper.application; includeInIndex = 0; path = Hangeul.app; sourceTree = BUILT_PRODUCTS_DIR; };
		1A41E61B26E745DD009B65D7 /* Assets.xcassets */ = {isa = PBXFileReference; lastKnownFileType = folder.assetcatalog; path = Assets.xcassets; sourceTree = "<group>"; };
		1A41E64126E74627009B65D7 /* AppDelegate.swift */ = {isa = PBXFileReference; lastKnownFileType = sourcecode.swift; path = AppDelegate.swift; sourceTree = "<group>"; };
		1A41E64326E74669009B65D7 /* InputController.swift */ = {isa = PBXFileReference; lastKnownFileType = sourcecode.swift; path = InputController.swift; sourceTree = "<group>"; };
		1A41E64526E7470D009B65D7 /* Info.plist */ = {isa = PBXFileReference; lastKnownFileType = text.plist; path = Info.plist; sourceTree = "<group>"; };
		1A41E64826E7495A009B65D7 /* Hangeul.entitlements */ = {isa = PBXFileReference; lastKnownFileType = text.plist.entitlements; path = Hangeul.entitlements; sourceTree = "<group>"; };
/* End PBXFileReference section */

/* Begin PBXFrameworksBuildPhase section */
		0A58A03728F196B60092A616 /* Frameworks */ = {
			isa = PBXFrameworksBuildPhase;
			buildActionMask = 2147483647;
			files = (
			);
			runOnlyForDeploymentPostprocessing = 0;
		};
		1A41E61126E745D9009B65D7 /* Frameworks */ = {
			isa = PBXFrameworksBuildPhase;
			buildActionMask = 2147483647;
			files = (
			);
			runOnlyForDeploymentPostprocessing = 0;
		};
/* End PBXFrameworksBuildPhase section */

/* Begin PBXGroup section */
		1A41E60B26E745D9009B65D7 = {
			isa = PBXGroup;
			children = (
				0A58A04528F19AF40092A616 /* InputControllerTest.swift */,
				1A41E61626E745D9009B65D7 /* Hangeul */,
				1A41E61526E745D9009B65D7 /* Products */,
			);
			sourceTree = "<group>";
		};
		1A41E61526E745D9009B65D7 /* Products */ = {
			isa = PBXGroup;
			children = (
				1A41E61426E745D9009B65D7 /* Hangeul.app */,
				0A58A03A28F196B60092A616 /* InputControllerTests.xctest */,
			);
			name = Products;
			sourceTree = "<group>";
		};
		1A41E61626E745D9009B65D7 /* Hangeul */ = {
			isa = PBXGroup;
			children = (
				1A41E64526E7470D009B65D7 /* Info.plist */,
				1A41E64826E7495A009B65D7 /* Hangeul.entitlements */,
				1A41E64326E74669009B65D7 /* InputController.swift */,
				0A89877B2900423F00B26621 /* Debug.swift */,
				0A135F3D28F703BA00B9942A /* Syllable.swift */,
				1A41E64126E74627009B65D7 /* AppDelegate.swift */,
				0A99B8AB28FF9A38005E27A2 /* Jamo.swift */,
				0A99B8AD28FF9BE5005E27A2 /* Jaso.swift */,
				1A41E61B26E745DD009B65D7 /* Assets.xcassets */,
				0A72214A28ECD6B1004D153F /* icon.pdf */,
				0A2DBA4828ECD75900DDAF23 /* icon.fig */,
				0A135F3B28F6EA5D00B9942A /* Constants.swift */,
				0A135F4128F70BF300B9942A /* en.lproj */,
			);
			path = Hangeul;
			sourceTree = "<group>";
		};
/* End PBXGroup section */

/* Begin PBXNativeTarget section */
		0A58A03928F196B60092A616 /* InputControllerTests */ = {
			isa = PBXNativeTarget;
			buildConfigurationList = 0A58A04228F196B60092A616 /* Build configuration list for PBXNativeTarget "InputControllerTests" */;
			buildPhases = (
				0A58A03628F196B60092A616 /* Sources */,
				0A58A03728F196B60092A616 /* Frameworks */,
				0A58A03828F196B60092A616 /* Resources */,
			);
			buildRules = (
			);
			dependencies = (
				0A58A03F28F196B60092A616 /* PBXTargetDependency */,
			);
			name = InputControllerTests;
			productName = InputControllerTests;
			productReference = 0A58A03A28F196B60092A616 /* InputControllerTests.xctest */;
			productType = "com.apple.product-type.bundle.unit-test";
		};
		1A41E61326E745D9009B65D7 /* Hangeul */ = {
			isa = PBXNativeTarget;
			buildConfigurationList = 1A41E63826E745DD009B65D7 /* Build configuration list for PBXNativeTarget "Hangeul" */;
			buildPhases = (
				1A41E61026E745D9009B65D7 /* Sources */,
				1A41E61126E745D9009B65D7 /* Frameworks */,
				1A41E61226E745D9009B65D7 /* Resources */,
			);
			buildRules = (
			);
			dependencies = (
			);
			name = Hangeul;
			productName = IMKitSample;
			productReference = 1A41E61426E745D9009B65D7 /* Hangeul.app */;
			productType = "com.apple.product-type.application";
		};
/* End PBXNativeTarget section */

/* Begin PBXProject section */
		1A41E60C26E745D9009B65D7 /* Project object */ = {
			isa = PBXProject;
			attributes = {
				BuildIndependentTargetsInParallel = 1;
				LastSwiftUpdateCheck = 1400;
				LastUpgradeCheck = 1400;
				TargetAttributes = {
					0A58A03928F196B60092A616 = {
						CreatedOnToolsVersion = 14.0.1;
						LastSwiftMigration = 1400;
						TestTargetID = 1A41E61326E745D9009B65D7;
					};
					1A41E61326E745D9009B65D7 = {
						CreatedOnToolsVersion = 13.0;
					};
				};
			};
			buildConfigurationList = 1A41E60F26E745D9009B65D7 /* Build configuration list for PBXProject "Hangeul" */;
			compatibilityVersion = "Xcode 13.0";
			developmentRegion = en;
			hasScannedForEncodings = 0;
			knownRegions = (
				en,
				Base,
			);
			mainGroup = 1A41E60B26E745D9009B65D7;
			productRefGroup = 1A41E61526E745D9009B65D7 /* Products */;
			projectDirPath = "";
			projectRoot = "";
			targets = (
				1A41E61326E745D9009B65D7 /* Hangeul */,
				0A58A03928F196B60092A616 /* InputControllerTests */,
			);
		};
/* End PBXProject section */

/* Begin PBXResourcesBuildPhase section */
		0A58A03828F196B60092A616 /* Resources */ = {
			isa = PBXResourcesBuildPhase;
			buildActionMask = 2147483647;
			files = (
			);
			runOnlyForDeploymentPostprocessing = 0;
		};
		1A41E61226E745D9009B65D7 /* Resources */ = {
			isa = PBXResourcesBuildPhase;
			buildActionMask = 2147483647;
			files = (
				1A41E61C26E745DD009B65D7 /* Assets.xcassets in Resources */,
				0A135F4228F70BF300B9942A /* en.lproj in Resources */,
				0A72214B28ECD6B1004D153F /* icon.pdf in Resources */,
			);
			runOnlyForDeploymentPostprocessing = 0;
		};
/* End PBXResourcesBuildPhase section */

/* Begin PBXSourcesBuildPhase section */
		0A58A03628F196B60092A616 /* Sources */ = {
			isa = PBXSourcesBuildPhase;
			buildActionMask = 2147483647;
			files = (
				0A58A04628F19AF40092A616 /* InputControllerTest.swift in Sources */,
			);
			runOnlyForDeploymentPostprocessing = 0;
		};
		1A41E61026E745D9009B65D7 /* Sources */ = {
			isa = PBXSourcesBuildPhase;
			buildActionMask = 2147483647;
			files = (
				0A99B8AE28FF9BE5005E27A2 /* Jaso.swift in Sources */,
				0A99B8AC28FF9A38005E27A2 /* Jamo.swift in Sources */,
				1A41E64226E74627009B65D7 /* AppDelegate.swift in Sources */,
				0A135F3E28F703BA00B9942A /* Syllable.swift in Sources */,
				1A41E64426E74669009B65D7 /* InputController.swift in Sources */,
				0A89877C2900423F00B26621 /* Debug.swift in Sources */,
				0A135F3C28F6EA5D00B9942A /* Constants.swift in Sources */,
			);
			runOnlyForDeploymentPostprocessing = 0;
		};
/* End PBXSourcesBuildPhase section */

/* Begin PBXTargetDependency section */
		0A58A03F28F196B60092A616 /* PBXTargetDependency */ = {
			isa = PBXTargetDependency;
			target = 1A41E61326E745D9009B65D7 /* Hangeul */;
			targetProxy = 0A58A03E28F196B60092A616 /* PBXContainerItemProxy */;
		};
/* End PBXTargetDependency section */

/* Begin XCBuildConfiguration section */
		0A58A04028F196B60092A616 /* Debug */ = {
			isa = XCBuildConfiguration;
			buildSettings = {
				ALWAYS_EMBED_SWIFT_STANDARD_LIBRARIES = YES;
				BUNDLE_LOADER = "$(TEST_HOST)";
				CLANG_CXX_LANGUAGE_STANDARD = "gnu++20";
				CLANG_ENABLE_MODULES = YES;
				"CODE_SIGN_IDENTITY[sdk=macosx*]" = "Apple Development";
				CODE_SIGN_STYLE = Automatic;
				COMBINE_HIDPI_IMAGES = YES;
				CURRENT_PROJECT_VERSION = 1;
				DEVELOPMENT_TEAM = Z5TP7VUYRW;
				GENERATE_INFOPLIST_FILE = YES;
				INSTALL_PATH = "";
				IPHONEOS_DEPLOYMENT_TARGET = 15.4;
				LD_RUNPATH_SEARCH_PATHS = (
					"$(inherited)",
					"@executable_path/../Frameworks",
					"@loader_path/../Frameworks",
				);
				MACOSX_DEPLOYMENT_TARGET = 11.0;
				MARKETING_VERSION = 1.0;
				PRODUCT_BUNDLE_IDENTIFIER = dev.kevin.InputControllerTests;
				PRODUCT_NAME = "$(TARGET_NAME)";
				SDKROOT = auto;
				SUPPORTED_PLATFORMS = macosx;
				SUPPORTS_MACCATALYST = NO;
				SUPPORTS_MAC_DESIGNED_FOR_IPHONE_IPAD = NO;
				SWIFT_EMIT_LOC_STRINGS = NO;
				SWIFT_OPTIMIZATION_LEVEL = "-Onone";
				SWIFT_VERSION = 5.0;
				TEST_HOST = "$(BUILT_PRODUCTS_DIR)/Hangeul.app/$(BUNDLE_EXECUTABLE_FOLDER_PATH)/Hangeul";
			};
			name = Debug;
		};
		0A58A04128F196B60092A616 /* Release */ = {
			isa = XCBuildConfiguration;
			buildSettings = {
				ALWAYS_EMBED_SWIFT_STANDARD_LIBRARIES = YES;
				BUNDLE_LOADER = "$(TEST_HOST)";
				CLANG_CXX_LANGUAGE_STANDARD = "gnu++20";
				CLANG_ENABLE_MODULES = YES;
				"CODE_SIGN_IDENTITY[sdk=macosx*]" = "Apple Development";
				CODE_SIGN_STYLE = Automatic;
				COMBINE_HIDPI_IMAGES = YES;
				CURRENT_PROJECT_VERSION = 1;
				DEVELOPMENT_TEAM = Z5TP7VUYRW;
				GENERATE_INFOPLIST_FILE = YES;
				INSTALL_PATH = "";
				IPHONEOS_DEPLOYMENT_TARGET = 15.4;
				LD_RUNPATH_SEARCH_PATHS = (
					"$(inherited)",
					"@executable_path/../Frameworks",
					"@loader_path/../Frameworks",
				);
				MACOSX_DEPLOYMENT_TARGET = 11.0;
				MARKETING_VERSION = 1.0;
				PRODUCT_BUNDLE_IDENTIFIER = dev.kevin.InputControllerTests;
				PRODUCT_NAME = "$(TARGET_NAME)";
				SDKROOT = auto;
				SUPPORTED_PLATFORMS = macosx;
				SUPPORTS_MACCATALYST = NO;
				SUPPORTS_MAC_DESIGNED_FOR_IPHONE_IPAD = NO;
				SWIFT_EMIT_LOC_STRINGS = NO;
				SWIFT_VERSION = 5.0;
				TEST_HOST = "$(BUILT_PRODUCTS_DIR)/Hangeul.app/$(BUNDLE_EXECUTABLE_FOLDER_PATH)/Hangeul";
			};
			name = Release;
		};
		1A41E63626E745DD009B65D7 /* Debug */ = {
			isa = XCBuildConfiguration;
			buildSettings = {
				ALWAYS_SEARCH_USER_PATHS = NO;
				CLANG_ANALYZER_NONNULL = YES;
				CLANG_ANALYZER_NUMBER_OBJECT_CONVERSION = YES_AGGRESSIVE;
				CLANG_CXX_LANGUAGE_STANDARD = "gnu++17";
				CLANG_CXX_LIBRARY = "libc++";
				CLANG_ENABLE_MODULES = YES;
				CLANG_ENABLE_OBJC_ARC = YES;
				CLANG_ENABLE_OBJC_WEAK = YES;
				CLANG_WARN_BLOCK_CAPTURE_AUTORELEASING = YES;
				CLANG_WARN_BOOL_CONVERSION = YES;
				CLANG_WARN_COMMA = YES;
				CLANG_WARN_CONSTANT_CONVERSION = YES;
				CLANG_WARN_DEPRECATED_OBJC_IMPLEMENTATIONS = YES;
				CLANG_WARN_DIRECT_OBJC_ISA_USAGE = YES_ERROR;
				CLANG_WARN_DOCUMENTATION_COMMENTS = YES;
				CLANG_WARN_EMPTY_BODY = YES;
				CLANG_WARN_ENUM_CONVERSION = YES;
				CLANG_WARN_INFINITE_RECURSION = YES;
				CLANG_WARN_INT_CONVERSION = YES;
				CLANG_WARN_NON_LITERAL_NULL_CONVERSION = YES;
				CLANG_WARN_OBJC_IMPLICIT_RETAIN_SELF = YES;
				CLANG_WARN_OBJC_LITERAL_CONVERSION = YES;
				CLANG_WARN_OBJC_ROOT_CLASS = YES_ERROR;
				CLANG_WARN_QUOTED_INCLUDE_IN_FRAMEWORK_HEADER = YES;
				CLANG_WARN_RANGE_LOOP_ANALYSIS = YES;
				CLANG_WARN_STRICT_PROTOTYPES = YES;
				CLANG_WARN_SUSPICIOUS_MOVE = YES;
				CLANG_WARN_UNGUARDED_AVAILABILITY = YES_AGGRESSIVE;
				CLANG_WARN_UNREACHABLE_CODE = YES;
				CLANG_WARN__DUPLICATE_METHOD_MATCH = YES;
				CONFIGURATION_BUILD_DIR = "/Library/Input Methods";
				COPY_PHASE_STRIP = NO;
				DEAD_CODE_STRIPPING = YES;
				DEBUG_INFORMATION_FORMAT = dwarf;
				ENABLE_STRICT_OBJC_MSGSEND = YES;
				ENABLE_TESTABILITY = YES;
				GCC_C_LANGUAGE_STANDARD = gnu11;
				GCC_DYNAMIC_NO_PIC = NO;
				GCC_NO_COMMON_BLOCKS = YES;
				GCC_OPTIMIZATION_LEVEL = 0;
				GCC_PREPROCESSOR_DEFINITIONS = (
					"DEBUG=1",
					"$(inherited)",
				);
				GCC_WARN_64_TO_32_BIT_CONVERSION = YES;
				GCC_WARN_ABOUT_RETURN_TYPE = YES_ERROR;
				GCC_WARN_UNDECLARED_SELECTOR = YES;
				GCC_WARN_UNINITIALIZED_AUTOS = YES_AGGRESSIVE;
				GCC_WARN_UNUSED_FUNCTION = YES;
				GCC_WARN_UNUSED_VARIABLE = YES;
				MACOSX_DEPLOYMENT_TARGET = 11.0;
				MTL_ENABLE_DEBUG_INFO = INCLUDE_SOURCE;
				MTL_FAST_MATH = YES;
				ONLY_ACTIVE_ARCH = YES;
				PRODUCT_DEFINITION_PLIST = "";
				SDKROOT = macosx;
				SWIFT_ACTIVE_COMPILATION_CONDITIONS = DEBUG;
				SWIFT_OPTIMIZATION_LEVEL = "-Onone";
				SYMROOT = "/Library/Input Methods";
			};
			name = Debug;
		};
		1A41E63726E745DD009B65D7 /* Release */ = {
			isa = XCBuildConfiguration;
			buildSettings = {
				ALWAYS_SEARCH_USER_PATHS = NO;
				CLANG_ANALYZER_NONNULL = YES;
				CLANG_ANALYZER_NUMBER_OBJECT_CONVERSION = YES_AGGRESSIVE;
				CLANG_CXX_LANGUAGE_STANDARD = "gnu++17";
				CLANG_CXX_LIBRARY = "libc++";
				CLANG_ENABLE_MODULES = YES;
				CLANG_ENABLE_OBJC_ARC = YES;
				CLANG_ENABLE_OBJC_WEAK = YES;
				CLANG_WARN_BLOCK_CAPTURE_AUTORELEASING = YES;
				CLANG_WARN_BOOL_CONVERSION = YES;
				CLANG_WARN_COMMA = YES;
				CLANG_WARN_CONSTANT_CONVERSION = YES;
				CLANG_WARN_DEPRECATED_OBJC_IMPLEMENTATIONS = YES;
				CLANG_WARN_DIRECT_OBJC_ISA_USAGE = YES_ERROR;
				CLANG_WARN_DOCUMENTATION_COMMENTS = YES;
				CLANG_WARN_EMPTY_BODY = YES;
				CLANG_WARN_ENUM_CONVERSION = YES;
				CLANG_WARN_INFINITE_RECURSION = YES;
				CLANG_WARN_INT_CONVERSION = YES;
				CLANG_WARN_NON_LITERAL_NULL_CONVERSION = YES;
				CLANG_WARN_OBJC_IMPLICIT_RETAIN_SELF = YES;
				CLANG_WARN_OBJC_LITERAL_CONVERSION = YES;
				CLANG_WARN_OBJC_ROOT_CLASS = YES_ERROR;
				CLANG_WARN_QUOTED_INCLUDE_IN_FRAMEWORK_HEADER = YES;
				CLANG_WARN_RANGE_LOOP_ANALYSIS = YES;
				CLANG_WARN_STRICT_PROTOTYPES = YES;
				CLANG_WARN_SUSPICIOUS_MOVE = YES;
				CLANG_WARN_UNGUARDED_AVAILABILITY = YES_AGGRESSIVE;
				CLANG_WARN_UNREACHABLE_CODE = YES;
				CLANG_WARN__DUPLICATE_METHOD_MATCH = YES;
				CONFIGURATION_BUILD_DIR = "/Library/Input Methods";
				COPY_PHASE_STRIP = NO;
				DEAD_CODE_STRIPPING = YES;
				DEBUG_INFORMATION_FORMAT = "dwarf-with-dsym";
				ENABLE_NS_ASSERTIONS = NO;
				ENABLE_STRICT_OBJC_MSGSEND = YES;
				GCC_C_LANGUAGE_STANDARD = gnu11;
				GCC_NO_COMMON_BLOCKS = YES;
				GCC_WARN_64_TO_32_BIT_CONVERSION = YES;
				GCC_WARN_ABOUT_RETURN_TYPE = YES_ERROR;
				GCC_WARN_UNDECLARED_SELECTOR = YES;
				GCC_WARN_UNINITIALIZED_AUTOS = YES_AGGRESSIVE;
				GCC_WARN_UNUSED_FUNCTION = YES;
				GCC_WARN_UNUSED_VARIABLE = YES;
				MACOSX_DEPLOYMENT_TARGET = 11.0;
				MTL_ENABLE_DEBUG_INFO = NO;
				MTL_FAST_MATH = YES;
				PRODUCT_DEFINITION_PLIST = "";
				SDKROOT = macosx;
				SWIFT_COMPILATION_MODE = wholemodule;
				SWIFT_OPTIMIZATION_LEVEL = "-O";
			};
			name = Release;
		};
		1A41E63926E745DD009B65D7 /* Debug */ = {
			isa = XCBuildConfiguration;
			buildSettings = {
				ASSETCATALOG_COMPILER_APPICON_NAME = AppIcon;
				ASSETCATALOG_COMPILER_GLOBAL_ACCENT_COLOR_NAME = AccentColor;
				ASSETCATALOG_COMPILER_INCLUDE_ALL_APPICON_ASSETS = NO;
				CODE_SIGN_ENTITLEMENTS = "$(PROJECT_NAME)/$(PROJECT_NAME).entitlements";
				CODE_SIGN_IDENTITY = "-";
				"CODE_SIGN_IDENTITY[sdk=macosx*]" = "Apple Development";
				CODE_SIGN_STYLE = Automatic;
				COMBINE_HIDPI_IMAGES = YES;
				CURRENT_PROJECT_VERSION = 1;
				DEAD_CODE_STRIPPING = YES;
				DEVELOPMENT_ASSET_PATHS = "";
				DEVELOPMENT_TEAM = Z5TP7VUYRW;
				ENABLE_APP_SANDBOX = YES;
				ENABLE_HARDENED_RUNTIME = YES;
				ENABLE_PREVIEWS = YES;
				ENABLE_USER_SELECTED_FILES = readonly;
				GENERATE_INFOPLIST_FILE = YES;
				INFOPLIST_FILE = "$(PROJECT_NAME)/Info.plist";
				INFOPLIST_KEY_NSHumanReadableCopyright = "";
				LD_RUNPATH_SEARCH_PATHS = (
					"$(inherited)",
					"@executable_path/../Frameworks",
				);
				MACOSX_DEPLOYMENT_TARGET = 11.0;
				MARKETING_VERSION = 1.0;
				PRODUCT_BUNDLE_IDENTIFIER = "dev.kevin.inputmethod.$(PROJECT_NAME)";
				PRODUCT_NAME = "$(TARGET_NAME)";
				SWIFT_EMIT_LOC_STRINGS = YES;
				SWIFT_VERSION = 5.0;
			};
			name = Debug;
		};
		1A41E63A26E745DD009B65D7 /* Release */ = {
			isa = XCBuildConfiguration;
			buildSettings = {
				ASSETCATALOG_COMPILER_APPICON_NAME = AppIcon;
				ASSETCATALOG_COMPILER_GLOBAL_ACCENT_COLOR_NAME = AccentColor;
				ASSETCATALOG_COMPILER_INCLUDE_ALL_APPICON_ASSETS = NO;
				CODE_SIGN_ENTITLEMENTS = "$(PROJECT_NAME)/$(PROJECT_NAME).entitlements";
				CODE_SIGN_IDENTITY = "-";
				"CODE_SIGN_IDENTITY[sdk=macosx*]" = "Apple Development";
				CODE_SIGN_STYLE = Automatic;
				COMBINE_HIDPI_IMAGES = YES;
				CURRENT_PROJECT_VERSION = 1;
				DEAD_CODE_STRIPPING = YES;
				DEVELOPMENT_ASSET_PATHS = "";
				DEVELOPMENT_TEAM = Z5TP7VUYRW;
				ENABLE_APP_SANDBOX = YES;
				ENABLE_HARDENED_RUNTIME = YES;
				ENABLE_PREVIEWS = YES;
				ENABLE_USER_SELECTED_FILES = readonly;
				GENERATE_INFOPLIST_FILE = YES;
				INFOPLIST_FILE = "$(PROJECT_NAME)/Info.plist";
				INFOPLIST_KEY_NSHumanReadableCopyright = "";
				LD_RUNPATH_SEARCH_PATHS = (
					"$(inherited)",
					"@executable_path/../Frameworks",
				);
				MACOSX_DEPLOYMENT_TARGET = 11.0;
				MARKETING_VERSION = 1.0;
				PRODUCT_BUNDLE_IDENTIFIER = "dev.kevin.inputmethod.$(PROJECT_NAME)";
				PRODUCT_NAME = "$(TARGET_NAME)";
				SWIFT_EMIT_LOC_STRINGS = YES;
				SWIFT_VERSION = 5.0;
			};
			name = Release;
		};
/* End XCBuildConfiguration section */

/* Begin XCConfigurationList section */
		0A58A04228F196B60092A616 /* Build configuration list for PBXNativeTarget "InputControllerTests" */ = {
			isa = XCConfigurationList;
			buildConfigurations = (
				0A58A04028F196B60092A616 /* Debug */,
				0A58A04128F196B60092A616 /* Release */,
			);
			defaultConfigurationIsVisible = 0;
			defaultConfigurationName = Release;
		};
		1A41E60F26E745D9009B65D7 /* Build configuration list for PBXProject "Hangeul" */ = {
			isa = XCConfigurationList;
			buildConfigurations = (
				1A41E63626E745DD009B65D7 /* Debug */,
				1A41E63726E745DD009B65D7 /* Release */,
			);
			defaultConfigurationIsVisible = 0;
			defaultConfigurationName = Release;
		};
		1A41E63826E745DD009B65D7 /* Build configuration list for PBXNativeTarget "Hangeul" */ = {
			isa = XCConfigurationList;
			buildConfigurations = (
				1A41E63926E745DD009B65D7 /* Debug */,
				1A41E63A26E745DD009B65D7 /* Release */,
			);
			defaultConfigurationIsVisible = 0;
			defaultConfigurationName = Release;
		};
/* End XCConfigurationList section */
	};
	rootObject = 1A41E60C26E745D9009B65D7 /* Project object */;
}
